
Microsoft Visual Studio Solution File, Format Version 12.00
# Visual Studio Version 17
VisualStudioVersion = 17.9.34728.123
MinimumVisualStudioVersion = 10.0.40219.1
Project("{FAE04EC0-301F-11D3-BF4B-00C04F79EFBC}") = "Calculator_app", "Calculator_app\Calculator_app.csproj", "{F19667CF-FDC7-4CEB-AFE6-479A68D3A3D0}"
EndProject
Global
	GlobalSection(SolutionConfigurationPlatforms) = preSolution
		Debug|Any CPU = Debug|Any CPU
		Release|Any CPU = Release|Any CPU
	EndGlobalSection
	GlobalSection(ProjectConfigurationPlatforms) = postSolution
		{F19667CF-FDC7-4CEB-AFE6-479A68D3A3D0}.Debug|Any CPU.ActiveCfg = Debug|Any CPU
		{F19667CF-FDC7-4CEB-AFE6-479A68D3A3D0}.Debug|Any CPU.Build.0 = Debug|Any CPU
		{F19667CF-FDC7-4CEB-AFE6-479A68D3A3D0}.Release|Any CPU.ActiveCfg = Release|Any CPU
		{F19667CF-FDC7-4CEB-AFE6-479A68D3A3D0}.Release|Any CPU.Build.0 = Release|Any CPU
	EndGlobalSection
	GlobalSection(SolutionProperties) = preSolution
		HideSolutionNode = FALSE
	EndGlobalSection
	GlobalSection(ExtensibilityGlobals) = postSolution
		SolutionGuid = {94EE5712-B97E-4F6B-B206-53B4501C6772}
	EndGlobalSection
EndGlobal
